schema: '2.0'
stages:
  data_ingestion:
    cmd: python src/data_ingestion.py
    deps:
    - path: src/data_ingestion.py
      hash: md5
      md5: 961572ee161e7aa7ef437bd4508492b0
      size: 3391
    params:
      params.yaml:
        data_ingestion.test_size: 0.3
    outs:
    - path: data/raw
      hash: md5
      md5: ced5935b61225c97571080ac633ab63e.dir
      size: 511598
      nfiles: 2
  data_preprocessing:
    cmd: python src/data_preprocessing.py
    deps:
    - path: data/raw
      hash: md5
      md5: ced5935b61225c97571080ac633ab63e.dir
      size: 511598
      nfiles: 2
    - path: src/data_preprocessing.py
      hash: md5
      md5: 29e651bc6ad8b328108f6afd40cf7f30
      size: 3977
    outs:
    - path: data/interim
      hash: md5
      md5: e26b2fb4c03990cd6a86e0c5b71791c0.dir
      size: 305708
      nfiles: 2
  feature_engineering:
    cmd: python src/feature_engineering.py
    deps:
    - path: data/interim
      hash: md5
      md5: e26b2fb4c03990cd6a86e0c5b71791c0.dir
      size: 305708
      nfiles: 2
    - path: src/feature_engineering.py
      hash: md5
      md5: cf8448c21ab5f64a81b288de0c331814
      size: 3910
    params:
      params.yaml:
        feature_engineering.max_features: 35
    outs:
    - path: data/processed
      hash: md5
      md5: 57abf04c192a751546cab91bd924f0cd.dir
      size: 886248
      nfiles: 2
  model_building:
    cmd: python src/model_building.py
    deps:
    - path: data/processed
      hash: md5
      md5: 57abf04c192a751546cab91bd924f0cd.dir
      size: 886248
      nfiles: 2
    - path: src/model_building.py
      hash: md5
      md5: 3b23f9b663534ac6375d45d1663e2f61
      size: 3683
    params:
      params.yaml:
        model_building.n_estimators: 35
        model_building.random_state: 2
    outs:
    - path: models/model.pkl
      hash: md5
      md5: d1a8fbe1b75a332545b09f0abc9fab28
      size: 1074593
  model_evaluation:
    cmd: python src/model_evaluation.py
    deps:
    - path: models/model.pkl
      hash: md5
      md5: d1a8fbe1b75a332545b09f0abc9fab28
      size: 1074593
    - path: src/model_evaluation.py
      hash: md5
      md5: 553abb63c25d201ab4732efe779df04d
      size: 4639
    outs:
    - path: reports/metrics.json
      hash: md5
      md5: 4d0bfce0a460caff95190efc2f850f22
      size: 145
